
Microsoft Visual Studio Solution File, Format Version 12.00
# Visual Studio Version 17
VisualStudioVersion = 17.5.33530.505
MinimumVisualStudioVersion = 10.0.40219.1
Project("{FAE04EC0-301F-11D3-BF4B-00C04F79EFBC}") = "ModernWPF-MVVM", "ModernWPF-MVVM\ModernWPF-MVVM.csproj", "{3ADAE8A1-55D8-4F93-9956-D0B8D68B1D29}"
EndProject
Global
	GlobalSection(SolutionConfigurationPlatforms) = preSolution
		Debug|Any CPU = Debug|Any CPU
		Release|Any CPU = Release|Any CPU
	EndGlobalSection
	GlobalSection(ProjectConfigurationPlatforms) = postSolution
		{3ADAE8A1-55D8-4F93-9956-D0B8D68B1D29}.Debug|Any CPU.ActiveCfg = Debug|Any CPU
		{3ADAE8A1-55D8-4F93-9956-D0B8D68B1D29}.Debug|Any CPU.Build.0 = Debug|Any CPU
		{3ADAE8A1-55D8-4F93-9956-D0B8D68B1D29}.Release|Any CPU.ActiveCfg = Release|Any CPU
		{3ADAE8A1-55D8-4F93-9956-D0B8D68B1D29}.Release|Any CPU.Build.0 = Release|Any CPU
	EndGlobalSection
	GlobalSection(SolutionProperties) = preSolution
		HideSolutionNode = FALSE
	EndGlobalSection
	GlobalSection(ExtensibilityGlobals) = postSolution
		SolutionGuid = {0ED815B1-0D78-4681-90BC-73C74DF5BCE5}
	EndGlobalSection
EndGlobal
